lockfileVersion: '9.0'

settings:
  autoInstallPeers: true
  excludeLinksFromLockfile: false

importers:

  .:
    dependencies:
      '@earendil-works/gondolin':
        specifier: latest
        version: 0.2.1

packages:

  '@earendil-works/gondolin@0.2.1':
    resolution: {integrity: sha512-x//j4dhkmpUJN8J/ZbVXEbNCTuFOH8/WiYBXqrxBntFnL/pOw3yRVb4/myq0vHAdsFbLnRw1QOOBSHVhUmlMFA==}
    engines: {node: '>=18.0.0'}
    hasBin: true

  cbor@10.0.11:
    resolution: {integrity: sha512-vIwORDd/WyB8Nc23o2zNN5RrtFGlR6Fca61TtjkUXueI3Jf2DOZDl1zsshvBntZ3wZHBM9ztjnkXSmzQDaq3WA==}
    engines: {node: '>=20'}

  node-forge@1.3.3:
    resolution: {integrity: sha512-rLvcdSyRCyouf6jcOIPe/BgwG/d7hKjzMKOas33/pHEr6gbq18IK9zV7DiPvzsz0oBJPme6qr6H6kGZuI9/DZg==}
    engines: {node: '>= 6.13.0'}

  nofilter@3.1.0:
    resolution: {integrity: sha512-l2NNj07e9afPnhAhvgVrCD/oy2Ai1yfLpuo3EpiO1jFTsB4sFz6oIfAfSZyQzVpkZQ9xS8ZS5g1jCBgq4Hwo0g==}
    engines: {node: '>=12.19'}

  undici@6.23.0:
    resolution: {integrity: sha512-VfQPToRA5FZs/qJxLIinmU59u0r7LXqoJkCzinq3ckNJp3vKEh7jTWN589YQ5+aoAC/TGRLyJLCPKcLQbM8r9g==}
    engines: {node: '>=18.17'}

snapshots:

  '@earendil-works/gondolin@0.2.1':
    dependencies:
      cbor: 10.0.11
      node-forge: 1.3.3
      undici: 6.23.0

  cbor@10.0.11:
    dependencies:
      nofilter: 3.1.0

  node-forge@1.3.3: {}

  nofilter@3.1.0: {}

  undici@6.23.0: {}
