{
  "name": "twitter-tools",
  "version": "1.4.0",
  "lockfileVersion": 3,
  "requires": true,
  "packages": {
    "": {
      "name": "twitter-tools",
      "version": "1.4.0",
      "bin": {
        "twitter-archive": "twitter-archive.js",
        "twitter-bookmarks": "twitter-bookmarks.js",
        "twitter-tweet": "twitter-tweet.js",
        "twitter-video": "twitter-video.js"
      },
      "engines": {
        "node": ">=22.5.0"
      }
    }
  }
}
